// !$*UTF8*$!
{
	archiveVersion = 1;
	classes = {
	};
	objectVersion = 46;
	objects = {

/* Begin PBXBuildFile section */
		D0BD963F1C5136C60014DA47 /* main.m in Sources */ = {isa = PBXBuildFile; fileRef = D0BD963E1C5136C60014DA47 /* main.m */; };
		D0BD96421C5136C60014DA47 /* AppDelegate.m in Sources */ = {isa = PBXBuildFile; fileRef = D0BD96411C5136C60014DA47 /* AppDelegate.m */; };
		D0BD964A1C5136C60014DA47 /* Assets.xcassets in Resources */ = {isa = PBXBuildFile; fileRef = D0BD96491C5136C60014DA47 /* Assets.xcassets */; };
		D0BD964D1C5136C60014DA47 /* LaunchScreen.storyboard in Resources */ = {isa = PBXBuildFile; fileRef = D0BD964B1C5136C60014DA47 /* LaunchScreen.storyboard */; };
		D0BD96571C51376B0014DA47 /* RTTabBarController.m in Sources */ = {isa = PBXBuildFile; fileRef = D0BD96561C51376B0014DA47 /* RTTabBarController.m */; };
		D0BD965A1C5138E10014DA47 /* LICENSE in Resources */ = {isa = PBXBuildFile; fileRef = D0BD96581C5138E10014DA47 /* LICENSE */; };
		D0BD965B1C5138E10014DA47 /* README.md in Sources */ = {isa = PBXBuildFile; fileRef = D0BD96591C5138E10014DA47 /* README.md */; };
		D0BD965F1C514B480014DA47 /* RTTabBarItem.m in Sources */ = {isa = PBXBuildFile; fileRef = D0BD965D1C514B480014DA47 /* RTTabBarItem.m */; };
		D0BD96601C514B480014DA47 /* RTTabBarItem.xib in Resources */ = {isa = PBXBuildFile; fileRef = D0BD965E1C514B480014DA47 /* RTTabBarItem.xib */; };
		D0BD96621C51539A0014DA47 /* Icons.xcassets in Resources */ = {isa = PBXBuildFile; fileRef = D0BD96611C51539A0014DA47 /* Icons.xcassets */; };
		D0BD96641C5155DB0014DA47 /* SelectedIcons.xcassets in Resources */ = {isa = PBXBuildFile; fileRef = D0BD96631C5155DB0014DA47 /* SelectedIcons.xcassets */; };
		D0BD96671C51577E0014DA47 /* RTViewController.m in Sources */ = {isa = PBXBuildFile; fileRef = D0BD96661C51577E0014DA47 /* RTViewController.m */; };
		D0BD966F1C529FD20014DA47 /* Media.xcassets in Resources */ = {isa = PBXBuildFile; fileRef = D0BD966E1C529FD20014DA47 /* Media.xcassets */; };
/* End PBXBuildFile section */

/* Begin PBXFileReference section */
		D0BD963A1C5136C60014DA47 /* RTTabBarController DEMO.app */ = {isa = PBXFileReference; explicitFileType = wrapper.application; includeInIndex = 0; path = "RTTabBarController DEMO.app"; sourceTree = BUILT_PRODUCTS_DIR; };
		D0BD963E1C5136C60014DA47 /* main.m */ = {isa = PBXFileReference; lastKnownFileType = sourcecode.c.objc; path = main.m; sourceTree = "<group>"; };
		D0BD96401C5136C60014DA47 /* AppDelegate.h */ = {isa = PBXFileReference; lastKnownFileType = sourcecode.c.h; path = AppDelegate.h; sourceTree = "<group>"; };
		D0BD96411C5136C60014DA47 /* AppDelegate.m */ = {isa = PBXFileReference; lastKnownFileType = sourcecode.c.objc; path = AppDelegate.m; sourceTree = "<group>"; };
		D0BD96491C5136C60014DA47 /* Assets.xcassets */ = {isa = PBXFileReference; lastKnownFileType = folder.assetcatalog; path = Assets.xcassets; sourceTree = "<group>"; };
		D0BD964C1C5136C60014DA47 /* Base */ = {isa = PBXFileReference; lastKnownFileType = file.storyboard; name = Base; path = Base.lproj/LaunchScreen.storyboard; sourceTree = "<group>"; };
		D0BD964E1C5136C60014DA47 /* Info.plist */ = {isa = PBXFileReference; lastKnownFileType = text.plist.xml; path = Info.plist; sourceTree = "<group>"; };
		D0BD96551C51376B0014DA47 /* RTTabBarController.h */ = {isa = PBXFileReference; fileEncoding = 4; lastKnownFileType = sourcecode.c.h; path = RTTabBarController.h; sourceTree = "<group>"; };
		D0BD96561C51376B0014DA47 /* RTTabBarController.m */ = {isa = PBXFileReference; fileEncoding = 4; lastKnownFileType = sourcecode.c.objc; path = RTTabBarController.m; sourceTree = "<group>"; };
		D0BD96581C5138E10014DA47 /* LICENSE */ = {isa = PBXFileReference; fileEncoding = 4; lastKnownFileType = text; path = LICENSE; sourceTree = SOURCE_ROOT; };
		D0BD96591C5138E10014DA47 /* README.md */ = {isa = PBXFileReference; fileEncoding = 4; lastKnownFileType = net.daringfireball.markdown; path = README.md; sourceTree = SOURCE_ROOT; };
		D0BD965C1C514B480014DA47 /* RTTabBarItem.h */ = {isa = PBXFileReference; fileEncoding = 4; lastKnownFileType = sourcecode.c.h; path = RTTabBarItem.h; sourceTree = "<group>"; };
		D0BD965D1C514B480014DA47 /* RTTabBarItem.m */ = {isa = PBXFileReference; fileEncoding = 4; lastKnownFileType = sourcecode.c.objc; path = RTTabBarItem.m; sourceTree = "<group>"; };
		D0BD965E1C514B480014DA47 /* RTTabBarItem.xib */ = {isa = PBXFileReference; fileEncoding = 4; lastKnownFileType = file.xib; path = RTTabBarItem.xib; sourceTree = "<group>"; };
		D0BD96611C51539A0014DA47 /* Icons.xcassets */ = {isa = PBXFileReference; lastKnownFileType = folder.assetcatalog; path = Icons.xcassets; sourceTree = "<group>"; };
		D0BD96631C5155DB0014DA47 /* SelectedIcons.xcassets */ = {isa = PBXFileReference; lastKnownFileType = folder.assetcatalog; path = SelectedIcons.xcassets; sourceTree = "<group>"; };
		D0BD96651C51577E0014DA47 /* RTViewController.h */ = {isa = PBXFileReference; fileEncoding = 4; lastKnownFileType = sourcecode.c.h; path = RTViewController.h; sourceTree = "<group>"; };
		D0BD96661C51577E0014DA47 /* RTViewController.m */ = {isa = PBXFileReference; fileEncoding = 4; lastKnownFileType = sourcecode.c.objc; path = RTViewController.m; sourceTree = "<group>"; };
		D0BD966E1C529FD20014DA47 /* Media.xcassets */ = {isa = PBXFileReference; lastKnownFileType = folder.assetcatalog; path = Media.xcassets; sourceTree = "<group>"; };
/* End PBXFileReference section */

/* Begin PBXFrameworksBuildPhase section */
		D0BD96371C5136C60014DA47 /* Frameworks */ = {
			isa = PBXFrameworksBuildPhase;
			buildActionMask = 2147483647;
			files = (
			);
			runOnlyForDeploymentPostprocessing = 0;
		};
/* End PBXFrameworksBuildPhase section */

/* Begin PBXGroup section */
		D0BD96311C5136C60014DA47 = {
			isa = PBXGroup;
			children = (
				D0BD96581C5138E10014DA47 /* LICENSE */,
				D0BD96591C5138E10014DA47 /* README.md */,
				D0BD96541C5137520014DA47 /* RTTabBarController */,
				D0BD963C1C5136C60014DA47 /* RTTabBarController DEMO */,
				D0BD963B1C5136C60014DA47 /* Products */,
			);
			sourceTree = "<group>";
		};
		D0BD963B1C5136C60014DA47 /* Products */ = {
			isa = PBXGroup;
			children = (
				D0BD963A1C5136C60014DA47 /* RTTabBarController DEMO.app */,
			);
			name = Products;
			sourceTree = "<group>";
		};
		D0BD963C1C5136C60014DA47 /* RTTabBarController DEMO */ = {
			isa = PBXGroup;
			children = (
				D0BD96401C5136C60014DA47 /* AppDelegate.h */,
				D0BD96411C5136C60014DA47 /* AppDelegate.m */,
				D0BD966E1C529FD20014DA47 /* Media.xcassets */,
				D0BD96611C51539A0014DA47 /* Icons.xcassets */,
				D0BD96631C5155DB0014DA47 /* SelectedIcons.xcassets */,
				D0BD963D1C5136C60014DA47 /* Supporting Files */,
				D0BD96651C51577E0014DA47 /* RTViewController.h */,
				D0BD96661C51577E0014DA47 /* RTViewController.m */,
			);
			path = "RTTabBarController DEMO";
			sourceTree = "<group>";
		};
		D0BD963D1C5136C60014DA47 /* Supporting Files */ = {
			isa = PBXGroup;
			children = (
				D0BD96491C5136C60014DA47 /* Assets.xcassets */,
				D0BD964B1C5136C60014DA47 /* LaunchScreen.storyboard */,
				D0BD964E1C5136C60014DA47 /* Info.plist */,
				D0BD963E1C5136C60014DA47 /* main.m */,
			);
			name = "Supporting Files";
			sourceTree = "<group>";
		};
		D0BD96541C5137520014DA47 /* RTTabBarController */ = {
			isa = PBXGroup;
			children = (
				D0BD96551C51376B0014DA47 /* RTTabBarController.h */,
				D0BD96561C51376B0014DA47 /* RTTabBarController.m */,
				D0BD965C1C514B480014DA47 /* RTTabBarItem.h */,
				D0BD965D1C514B480014DA47 /* RTTabBarItem.m */,
				D0BD965E1C514B480014DA47 /* RTTabBarItem.xib */,
			);
			path = RTTabBarController;
			sourceTree = "<group>";
		};
/* End PBXGroup section */

/* Begin PBXNativeTarget section */
		D0BD96391C5136C60014DA47 /* RTTabBarController DEMO */ = {
			isa = PBXNativeTarget;
			buildConfigurationList = D0BD96511C5136C60014DA47 /* Build configuration list for PBXNativeTarget "RTTabBarController DEMO" */;
			buildPhases = (
				D0BD96361C5136C60014DA47 /* Sources */,
				D0BD96371C5136C60014DA47 /* Frameworks */,
				D0BD96381C5136C60014DA47 /* Resources */,
			);
			buildRules = (
			);
			dependencies = (
			);
			name = "RTTabBarController DEMO";
			productName = "RTTabBarController DEMO";
			productReference = D0BD963A1C5136C60014DA47 /* RTTabBarController DEMO.app */;
			productType = "com.apple.product-type.application";
		};
/* End PBXNativeTarget section */

/* Begin PBXProject section */
		D0BD96321C5136C60014DA47 /* Project object */ = {
			isa = PBXProject;
			attributes = {
				CLASSPREFIX = RT;
				LastUpgradeCheck = 0720;
				ORGANIZATIONNAME = "Radiant Tap";
				TargetAttributes = {
					D0BD96391C5136C60014DA47 = {
						CreatedOnToolsVersion = 7.2;
					};
				};
			};
			buildConfigurationList = D0BD96351C5136C60014DA47 /* Build configuration list for PBXProject "RTTabBarController DEMO" */;
			compatibilityVersion = "Xcode 3.2";
			developmentRegion = English;
			hasScannedForEncodings = 0;
			knownRegions = (
				en,
				Base,
			);
			mainGroup = D0BD96311C5136C60014DA47;
			productRefGroup = D0BD963B1C5136C60014DA47 /* Products */;
			projectDirPath = "";
			projectRoot = "";
			targets = (
				D0BD96391C5136C60014DA47 /* RTTabBarController DEMO */,
			);
		};
/* End PBXProject section */

/* Begin PBXResourcesBuildPhase section */
		D0BD96381C5136C60014DA47 /* Resources */ = {
			isa = PBXResourcesBuildPhase;
			buildActionMask = 2147483647;
			files = (
				D0BD965A1C5138E10014DA47 /* LICENSE in Resources */,
				D0BD964D1C5136C60014DA47 /* LaunchScreen.storyboard in Resources */,
				D0BD966F1C529FD20014DA47 /* Media.xcassets in Resources */,
				D0BD96601C514B480014DA47 /* RTTabBarItem.xib in Resources */,
				D0BD96621C51539A0014DA47 /* Icons.xcassets in Resources */,
				D0BD964A1C5136C60014DA47 /* Assets.xcassets in Resources */,
				D0BD96641C5155DB0014DA47 /* SelectedIcons.xcassets in Resources */,
			);
			runOnlyForDeploymentPostprocessing = 0;
		};
/* End PBXResourcesBuildPhase section */

/* Begin PBXSourcesBuildPhase section */
		D0BD96361C5136C60014DA47 /* Sources */ = {
			isa = PBXSourcesBuildPhase;
			buildActionMask = 2147483647;
			files = (
				D0BD96571C51376B0014DA47 /* RTTabBarController.m in Sources */,
				D0BD96421C5136C60014DA47 /* AppDelegate.m in Sources */,
				D0BD965B1C5138E10014DA47 /* README.md in Sources */,
				D0BD965F1C514B480014DA47 /* RTTabBarItem.m in Sources */,
				D0BD96671C51577E0014DA47 /* RTViewController.m in Sources */,
				D0BD963F1C5136C60014DA47 /* main.m in Sources */,
			);
			runOnlyForDeploymentPostprocessing = 0;
		};
/* End PBXSourcesBuildPhase section */

/* Begin PBXVariantGroup section */
		D0BD964B1C5136C60014DA47 /* LaunchScreen.storyboard */ = {
			isa = PBXVariantGroup;
			children = (
				D0BD964C1C5136C60014DA47 /* Base */,
			);
			name = LaunchScreen.storyboard;
			sourceTree = "<group>";
		};
/* End PBXVariantGroup section */

/* Begin XCBuildConfiguration section */
		D0BD964F1C5136C60014DA47 /* Debug */ = {
			isa = XCBuildConfiguration;
			buildSettings = {
				ALWAYS_SEARCH_USER_PATHS = NO;
				CLANG_CXX_LANGUAGE_STANDARD = "gnu++0x";
				CLANG_CXX_LIBRARY = "libc++";
				CLANG_ENABLE_MODULES = YES;
				CLANG_ENABLE_OBJC_ARC = YES;
				CLANG_WARN_BOOL_CONVERSION = YES;
				CLANG_WARN_CONSTANT_CONVERSION = YES;
				CLANG_WARN_DIRECT_OBJC_ISA_USAGE = YES_ERROR;
				CLANG_WARN_EMPTY_BODY = YES;
				CLANG_WARN_ENUM_CONVERSION = YES;
				CLANG_WARN_INT_CONVERSION = YES;
				CLANG_WARN_OBJC_ROOT_CLASS = YES_ERROR;
				CLANG_WARN_UNREACHABLE_CODE = YES;
				CLANG_WARN__DUPLICATE_METHOD_MATCH = YES;
				"CODE_SIGN_IDENTITY[sdk=iphoneos*]" = "iPhone Developer";
				COPY_PHASE_STRIP = NO;
				DEBUG_INFORMATION_FORMAT = dwarf;
				ENABLE_STRICT_OBJC_MSGSEND = YES;
				ENABLE_TESTABILITY = YES;
				GCC_C_LANGUAGE_STANDARD = gnu99;
				GCC_DYNAMIC_NO_PIC = NO;
				GCC_NO_COMMON_BLOCKS = YES;
				GCC_OPTIMIZATION_LEVEL = 0;
				GCC_PREPROCESSOR_DEFINITIONS = (
					"DEBUG=1",
					"$(inherited)",
				);
				GCC_WARN_64_TO_32_BIT_CONVERSION = YES;
				GCC_WARN_ABOUT_RETURN_TYPE = YES_ERROR;
				GCC_WARN_UNDECLARED_SELECTOR = YES;
				GCC_WARN_UNINITIALIZED_AUTOS = YES_AGGRESSIVE;
				GCC_WARN_UNUSED_FUNCTION = YES;
				GCC_WARN_UNUSED_VARIABLE = YES;
				IPHONEOS_DEPLOYMENT_TARGET = 8.4;
				MTL_ENABLE_DEBUG_INFO = YES;
				ONLY_ACTIVE_ARCH = YES;
				SDKROOT = iphoneos;
				TARGETED_DEVICE_FAMILY = "1,2";
			};
			name = Debug;
		};
		D0BD96501C5136C60014DA47 /* Release */ = {
			isa = XCBuildConfiguration;
			buildSettings = {
				ALWAYS_SEARCH_USER_PATHS = NO;
				CLANG_CXX_LANGUAGE_STANDARD = "gnu++0x";
				CLANG_CXX_LIBRARY = "libc++";
				CLANG_ENABLE_MODULES = YES;
				CLANG_ENABLE_OBJC_ARC = YES;
				CLANG_WARN_BOOL_CONVERSION = YES;
				CLANG_WARN_CONSTANT_CONVERSION = YES;
				CLANG_WARN_DIRECT_OBJC_ISA_USAGE = YES_ERROR;
				CLANG_WARN_EMPTY_BODY = YES;
				CLANG_WARN_ENUM_CONVERSION = YES;
				CLANG_WARN_INT_CONVERSION = YES;
				CLANG_WARN_OBJC_ROOT_CLASS = YES_ERROR;
				CLANG_WARN_UNREACHABLE_CODE = YES;
				CLANG_WARN__DUPLICATE_METHOD_MATCH = YES;
				"CODE_SIGN_IDENTITY[sdk=iphoneos*]" = "iPhone Developer";
				COPY_PHASE_STRIP = NO;
				DEBUG_INFORMATION_FORMAT = "dwarf-with-dsym";
				ENABLE_NS_ASSERTIONS = NO;
				ENABLE_STRICT_OBJC_MSGSEND = YES;
				GCC_C_LANGUAGE_STANDARD = gnu99;
				GCC_NO_COMMON_BLOCKS = YES;
				GCC_WARN_64_TO_32_BIT_CONVERSION = YES;
				GCC_WARN_ABOUT_RETURN_TYPE = YES_ERROR;
				GCC_WARN_UNDECLARED_SELECTOR = YES;
				GCC_WARN_UNINITIALIZED_AUTOS = YES_AGGRESSIVE;
				GCC_WARN_UNUSED_FUNCTION = YES;
				GCC_WARN_UNUSED_VARIABLE = YES;
				IPHONEOS_DEPLOYMENT_TARGET = 8.4;
				MTL_ENABLE_DEBUG_INFO = NO;
				SDKROOT = iphoneos;
				TARGETED_DEVICE_FAMILY = "1,2";
				VALIDATE_PRODUCT = YES;
			};
			name = Release;
		};
		D0BD96521C5136C60014DA47 /* Debug */ = {
			isa = XCBuildConfiguration;
			buildSettings = {
				ASSETCATALOG_COMPILER_APPICON_NAME = AppIcon;
				INFOPLIST_FILE = "RTTabBarController DEMO/Info.plist";
				LD_RUNPATH_SEARCH_PATHS = "$(inherited) @executable_path/Frameworks";
				PRODUCT_BUNDLE_IDENTIFIER = "com.radianttap.RTTabBarController-DEMO";
				PRODUCT_NAME = "$(TARGET_NAME)";
			};
			name = Debug;
		};
		D0BD96531C5136C60014DA47 /* Release */ = {
			isa = XCBuildConfiguration;
			buildSettings = {
				ASSETCATALOG_COMPILER_APPICON_NAME = AppIcon;
				INFOPLIST_FILE = "RTTabBarController DEMO/Info.plist";
				LD_RUNPATH_SEARCH_PATHS = "$(inherited) @executable_path/Frameworks";
				PRODUCT_BUNDLE_IDENTIFIER = "com.radianttap.RTTabBarController-DEMO";
				PRODUCT_NAME = "$(TARGET_NAME)";
			};
			name = Release;
		};
/* End XCBuildConfiguration section */

/* Begin XCConfigurationList section */
		D0BD96351C5136C60014DA47 /* Build configuration list for PBXProject "RTTabBarController DEMO" */ = {
			isa = XCConfigurationList;
			buildConfigurations = (
				D0BD964F1C5136C60014DA47 /* Debug */,
				D0BD96501C5136C60014DA47 /* Release */,
			);
			defaultConfigurationIsVisible = 0;
			defaultConfigurationName = Release;
		};
		D0BD96511C5136C60014DA47 /* Build configuration list for PBXNativeTarget "RTTabBarController DEMO" */ = {
			isa = XCConfigurationList;
			buildConfigurations = (
				D0BD96521C5136C60014DA47 /* Debug */,
				D0BD96531C5136C60014DA47 /* Release */,
			);
			defaultConfigurationIsVisible = 0;
			defaultConfigurationName = Release;
		};
/* End XCConfigurationList section */
	};
	rootObject = D0BD96321C5136C60014DA47 /* Project object */;
}
